
Microsoft Visual Studio Solution File, Format Version 12.00
# Visual Studio Version 17
VisualStudioVersion = 17.6.33829.357
MinimumVisualStudioVersion = 10.0.40219.1
Project("{FAE04EC0-301F-11D3-BF4B-00C04F79EFBC}") = "maproute_simulation_SignalR_1", "maproute_simulation_SignalR_1.csproj", "{3B79AAFC-C1CC-4ECA-90B5-FFBCE37C3D9C}"
EndProject
Global
	GlobalSection(SolutionConfigurationPlatforms) = preSolution
		Debug|Any CPU = Debug|Any CPU
		Release|Any CPU = Release|Any CPU
	EndGlobalSection
	GlobalSection(ProjectConfigurationPlatforms) = postSolution
		{3B79AAFC-C1CC-4ECA-90B5-FFBCE37C3D9C}.Debug|Any CPU.ActiveCfg = Debug|Any CPU
		{3B79AAFC-C1CC-4ECA-90B5-FFBCE37C3D9C}.Debug|Any CPU.Build.0 = Debug|Any CPU
		{3B79AAFC-C1CC-4ECA-90B5-FFBCE37C3D9C}.Release|Any CPU.ActiveCfg = Release|Any CPU
		{3B79AAFC-C1CC-4ECA-90B5-FFBCE37C3D9C}.Release|Any CPU.Build.0 = Release|Any CPU
	EndGlobalSection
	GlobalSection(SolutionProperties) = preSolution
		HideSolutionNode = FALSE
	EndGlobalSection
	GlobalSection(ExtensibilityGlobals) = postSolution
		SolutionGuid = {45B98D85-1958-4932-B659-73C3EA1642BE}
	EndGlobalSection
EndGlobal
